// !$*UTF8*$!
{
	archiveVersion = 1;
	classes = {
	};
	objectVersion = 55;
	objects = {

/* Begin PBXBuildFile section */
		49631D23288AC3EC00F4BFC1 /* AppDelegate.swift in Sources */ = {isa = PBXBuildFile; fileRef = 49631D22288AC3EC00F4BFC1 /* AppDelegate.swift */; };
		49631D25288AC3EC00F4BFC1 /* SceneDelegate.swift in Sources */ = {isa = PBXBuildFile; fileRef = 49631D24288AC3EC00F4BFC1 /* SceneDelegate.swift */; };
		49631D27288AC3EC00F4BFC1 /* ViewController.swift in Sources */ = {isa = PBXBuildFile; fileRef = 49631D26288AC3EC00F4BFC1 /* ViewController.swift */; };
		49631D2A288AC3EC00F4BFC1 /* Main.storyboard in Resources */ = {isa = PBXBuildFile; fileRef = 49631D28288AC3EC00F4BFC1 /* Main.storyboard */; };
		49631D2C288AC3F000F4BFC1 /* Assets.xcassets in Resources */ = {isa = PBXBuildFile; fileRef = 49631D2B288AC3F000F4BFC1 /* Assets.xcassets */; };
		49631D2F288AC3F000F4BFC1 /* LaunchScreen.storyboard in Resources */ = {isa = PBXBuildFile; fileRef = 49631D2D288AC3F000F4BFC1 /* LaunchScreen.storyboard */; };
		49631D3A288AC3F100F4BFC1 /* hw12Tests.swift in Sources */ = {isa = PBXBuildFile; fileRef = 49631D39288AC3F100F4BFC1 /* hw12Tests.swift */; };
		49631D44288AC3F100F4BFC1 /* hw12UITests.swift in Sources */ = {isa = PBXBuildFile; fileRef = 49631D43288AC3F100F4BFC1 /* hw12UITests.swift */; };
		49631D46288AC3F100F4BFC1 /* hw12UITestsLaunchTests.swift in Sources */ = {isa = PBXBuildFile; fileRef = 49631D45288AC3F100F4BFC1 /* hw12UITestsLaunchTests.swift */; };
/* End PBXBuildFile section */

/* Begin PBXContainerItemProxy section */
		49631D36288AC3F100F4BFC1 /* PBXContainerItemProxy */ = {
			isa = PBXContainerItemProxy;
			containerPortal = 49631D17288AC3EC00F4BFC1 /* Project object */;
			proxyType = 1;
			remoteGlobalIDString = 49631D1E288AC3EC00F4BFC1;
			remoteInfo = hw12;
		};
		49631D40288AC3F100F4BFC1 /* PBXContainerItemProxy */ = {
			isa = PBXContainerItemProxy;
			containerPortal = 49631D17288AC3EC00F4BFC1 /* Project object */;
			proxyType = 1;
			remoteGlobalIDString = 49631D1E288AC3EC00F4BFC1;
			remoteInfo = hw12;
		};
/* End PBXContainerItemProxy section */

/* Begin PBXFileReference section */
		49631D1F288AC3EC00F4BFC1 /* hw12.app */ = {isa = PBXFileReference; explicitFileType = wrapper.application; includeInIndex = 0; path = hw12.app; sourceTree = BUILT_PRODUCTS_DIR; };
		49631D22288AC3EC00F4BFC1 /* AppDelegate.swift */ = {isa = PBXFileReference; lastKnownFileType = sourcecode.swift; path = AppDelegate.swift; sourceTree = "<group>"; };
		49631D24288AC3EC00F4BFC1 /* SceneDelegate.swift */ = {isa = PBXFileReference; lastKnownFileType = sourcecode.swift; path = SceneDelegate.swift; sourceTree = "<group>"; };
		49631D26288AC3EC00F4BFC1 /* ViewController.swift */ = {isa = PBXFileReference; lastKnownFileType = sourcecode.swift; path = ViewController.swift; sourceTree = "<group>"; };
		49631D29288AC3EC00F4BFC1 /* Base */ = {isa = PBXFileReference; lastKnownFileType = file.storyboard; name = Base; path = Base.lproj/Main.storyboard; sourceTree = "<group>"; };
		49631D2B288AC3F000F4BFC1 /* Assets.xcassets */ = {isa = PBXFileReference; lastKnownFileType = folder.assetcatalog; path = Assets.xcassets; sourceTree = "<group>"; };
		49631D2E288AC3F000F4BFC1 /* Base */ = {isa = PBXFileReference; lastKnownFileType = file.storyboard; name = Base; path = Base.lproj/LaunchScreen.storyboard; sourceTree = "<group>"; };
		49631D30288AC3F000F4BFC1 /* Info.plist */ = {isa = PBXFileReference; lastKnownFileType = text.plist.xml; path = Info.plist; sourceTree = "<group>"; };
		49631D35288AC3F100F4BFC1 /* hw12Tests.xctest */ = {isa = PBXFileReference; explicitFileType = wrapper.cfbundle; includeInIndex = 0; path = hw12Tests.xctest; sourceTree = BUILT_PRODUCTS_DIR; };
		49631D39288AC3F100F4BFC1 /* hw12Tests.swift */ = {isa = PBXFileReference; lastKnownFileType = sourcecode.swift; path = hw12Tests.swift; sourceTree = "<group>"; };
		49631D3F288AC3F100F4BFC1 /* hw12UITests.xctest */ = {isa = PBXFileReference; explicitFileType = wrapper.cfbundle; includeInIndex = 0; path = hw12UITests.xctest; sourceTree = BUILT_PRODUCTS_DIR; };
		49631D43288AC3F100F4BFC1 /* hw12UITests.swift */ = {isa = PBXFileReference; lastKnownFileType = sourcecode.swift; path = hw12UITests.swift; sourceTree = "<group>"; };
		49631D45288AC3F100F4BFC1 /* hw12UITestsLaunchTests.swift */ = {isa = PBXFileReference; lastKnownFileType = sourcecode.swift; path = hw12UITestsLaunchTests.swift; sourceTree = "<group>"; };
/* End PBXFileReference section */

/* Begin PBXFrameworksBuildPhase section */
		49631D1C288AC3EC00F4BFC1 /* Frameworks */ = {
			isa = PBXFrameworksBuildPhase;
			buildActionMask = 2147483647;
			files = (
			);
			runOnlyForDeploymentPostprocessing = 0;
		};
		49631D32288AC3F100F4BFC1 /* Frameworks */ = {
			isa = PBXFrameworksBuildPhase;
			buildActionMask = 2147483647;
			files = (
			);
			runOnlyForDeploymentPostprocessing = 0;
		};
		49631D3C288AC3F100F4BFC1 /* Frameworks */ = {
			isa = PBXFrameworksBuildPhase;
			buildActionMask = 2147483647;
			files = (
			);
			runOnlyForDeploymentPostprocessing = 0;
		};
/* End PBXFrameworksBuildPhase section */

/* Begin PBXGroup section */
		49631D16288AC3EC00F4BFC1 = {
			isa = PBXGroup;
			children = (
				49631D21288AC3EC00F4BFC1 /* hw12 */,
				49631D38288AC3F100F4BFC1 /* hw12Tests */,
				49631D42288AC3F100F4BFC1 /* hw12UITests */,
				49631D20288AC3EC00F4BFC1 /* Products */,
			);
			sourceTree = "<group>";
		};
		49631D20288AC3EC00F4BFC1 /* Products */ = {
			isa = PBXGroup;
			children = (
				49631D1F288AC3EC00F4BFC1 /* hw12.app */,
				49631D35288AC3F100F4BFC1 /* hw12Tests.xctest */,
				49631D3F288AC3F100F4BFC1 /* hw12UITests.xctest */,
			);
			name = Products;
			sourceTree = "<group>";
		};
		49631D21288AC3EC00F4BFC1 /* hw12 */ = {
			isa = PBXGroup;
			children = (
				49631D22288AC3EC00F4BFC1 /* AppDelegate.swift */,
				49631D24288AC3EC00F4BFC1 /* SceneDelegate.swift */,
				49631D26288AC3EC00F4BFC1 /* ViewController.swift */,
				49631D28288AC3EC00F4BFC1 /* Main.storyboard */,
				49631D2B288AC3F000F4BFC1 /* Assets.xcassets */,
				49631D2D288AC3F000F4BFC1 /* LaunchScreen.storyboard */,
				49631D30288AC3F000F4BFC1 /* Info.plist */,
			);
			path = hw12;
			sourceTree = "<group>";
		};
		49631D38288AC3F100F4BFC1 /* hw12Tests */ = {
			isa = PBXGroup;
			children = (
				49631D39288AC3F100F4BFC1 /* hw12Tests.swift */,
			);
			path = hw12Tests;
			sourceTree = "<group>";
		};
		49631D42288AC3F100F4BFC1 /* hw12UITests */ = {
			isa = PBXGroup;
			children = (
				49631D43288AC3F100F4BFC1 /* hw12UITests.swift */,
				49631D45288AC3F100F4BFC1 /* hw12UITestsLaunchTests.swift */,
			);
			path = hw12UITests;
			sourceTree = "<group>";
		};
/* End PBXGroup section */

/* Begin PBXNativeTarget section */
		49631D1E288AC3EC00F4BFC1 /* hw12 */ = {
			isa = PBXNativeTarget;
			buildConfigurationList = 49631D49288AC3F100F4BFC1 /* Build configuration list for PBXNativeTarget "hw12" */;
			buildPhases = (
				49631D1B288AC3EC00F4BFC1 /* Sources */,
				49631D1C288AC3EC00F4BFC1 /* Frameworks */,
				49631D1D288AC3EC00F4BFC1 /* Resources */,
			);
			buildRules = (
			);
			dependencies = (
			);
			name = hw12;
			productName = hw12;
			productReference = 49631D1F288AC3EC00F4BFC1 /* hw12.app */;
			productType = "com.apple.product-type.application";
		};
		49631D34288AC3F100F4BFC1 /* hw12Tests */ = {
			isa = PBXNativeTarget;
			buildConfigurationList = 49631D4C288AC3F100F4BFC1 /* Build configuration list for PBXNativeTarget "hw12Tests" */;
			buildPhases = (
				49631D31288AC3F100F4BFC1 /* Sources */,
				49631D32288AC3F100F4BFC1 /* Frameworks */,
				49631D33288AC3F100F4BFC1 /* Resources */,
			);
			buildRules = (
			);
			dependencies = (
				49631D37288AC3F100F4BFC1 /* PBXTargetDependency */,
			);
			name = hw12Tests;
			productName = hw12Tests;
			productReference = 49631D35288AC3F100F4BFC1 /* hw12Tests.xctest */;
			productType = "com.apple.product-type.bundle.unit-test";
		};
		49631D3E288AC3F100F4BFC1 /* hw12UITests */ = {
			isa = PBXNativeTarget;
			buildConfigurationList = 49631D4F288AC3F100F4BFC1 /* Build configuration list for PBXNativeTarget "hw12UITests" */;
			buildPhases = (
				49631D3B288AC3F100F4BFC1 /* Sources */,
				49631D3C288AC3F100F4BFC1 /* Frameworks */,
				49631D3D288AC3F100F4BFC1 /* Resources */,
			);
			buildRules = (
			);
			dependencies = (
				49631D41288AC3F100F4BFC1 /* PBXTargetDependency */,
			);
			name = hw12UITests;
			productName = hw12UITests;
			productReference = 49631D3F288AC3F100F4BFC1 /* hw12UITests.xctest */;
			productType = "com.apple.product-type.bundle.ui-testing";
		};
/* End PBXNativeTarget section */

/* Begin PBXProject section */
		49631D17288AC3EC00F4BFC1 /* Project object */ = {
			isa = PBXProject;
			attributes = {
				BuildIndependentTargetsInParallel = 1;
				LastSwiftUpdateCheck = 1320;
				LastUpgradeCheck = 1320;
				TargetAttributes = {
					49631D1E288AC3EC00F4BFC1 = {
						CreatedOnToolsVersion = 13.2.1;
					};
					49631D34288AC3F100F4BFC1 = {
						CreatedOnToolsVersion = 13.2.1;
						TestTargetID = 49631D1E288AC3EC00F4BFC1;
					};
					49631D3E288AC3F100F4BFC1 = {
						CreatedOnToolsVersion = 13.2.1;
						TestTargetID = 49631D1E288AC3EC00F4BFC1;
					};
				};
			};
			buildConfigurationList = 49631D1A288AC3EC00F4BFC1 /* Build configuration list for PBXProject "hw12" */;
			compatibilityVersion = "Xcode 13.0";
			developmentRegion = en;
			hasScannedForEncodings = 0;
			knownRegions = (
				en,
				Base,
			);
			mainGroup = 49631D16288AC3EC00F4BFC1;
			productRefGroup = 49631D20288AC3EC00F4BFC1 /* Products */;
			projectDirPath = "";
			projectRoot = "";
			targets = (
				49631D1E288AC3EC00F4BFC1 /* hw12 */,
				49631D34288AC3F100F4BFC1 /* hw12Tests */,
				49631D3E288AC3F100F4BFC1 /* hw12UITests */,
			);
		};
/* End PBXProject section */

/* Begin PBXResourcesBuildPhase section */
		49631D1D288AC3EC00F4BFC1 /* Resources */ = {
			isa = PBXResourcesBuildPhase;
			buildActionMask = 2147483647;
			files = (
				49631D2F288AC3F000F4BFC1 /* LaunchScreen.storyboard in Resources */,
				49631D2C288AC3F000F4BFC1 /* Assets.xcassets in Resources */,
				49631D2A288AC3EC00F4BFC1 /* Main.storyboard in Resources */,
			);
			runOnlyForDeploymentPostprocessing = 0;
		};
		49631D33288AC3F100F4BFC1 /* Resources */ = {
			isa = PBXResourcesBuildPhase;
			buildActionMask = 2147483647;
			files = (
			);
			runOnlyForDeploymentPostprocessing = 0;
		};
		49631D3D288AC3F100F4BFC1 /* Resources */ = {
			isa = PBXResourcesBuildPhase;
			buildActionMask = 2147483647;
			files = (
			);
			runOnlyForDeploymentPostprocessing = 0;
		};
/* End PBXResourcesBuildPhase section */

/* Begin PBXSourcesBuildPhase section */
		49631D1B288AC3EC00F4BFC1 /* Sources */ = {
			isa = PBXSourcesBuildPhase;
			buildActionMask = 2147483647;
			files = (
				49631D27288AC3EC00F4BFC1 /* ViewController.swift in Sources */,
				49631D23288AC3EC00F4BFC1 /* AppDelegate.swift in Sources */,
				49631D25288AC3EC00F4BFC1 /* SceneDelegate.swift in Sources */,
			);
			runOnlyForDeploymentPostprocessing = 0;
		};
		49631D31288AC3F100F4BFC1 /* Sources */ = {
			isa = PBXSourcesBuildPhase;
			buildActionMask = 2147483647;
			files = (
				49631D3A288AC3F100F4BFC1 /* hw12Tests.swift in Sources */,
			);
			runOnlyForDeploymentPostprocessing = 0;
		};
		49631D3B288AC3F100F4BFC1 /* Sources */ = {
			isa = PBXSourcesBuildPhase;
			buildActionMask = 2147483647;
			files = (
				49631D46288AC3F100F4BFC1 /* hw12UITestsLaunchTests.swift in Sources */,
				49631D44288AC3F100F4BFC1 /* hw12UITests.swift in Sources */,
			);
			runOnlyForDeploymentPostprocessing = 0;
		};
/* End PBXSourcesBuildPhase section */

/* Begin PBXTargetDependency section */
		49631D37288AC3F100F4BFC1 /* PBXTargetDependency */ = {
			isa = PBXTargetDependency;
			target = 49631D1E288AC3EC00F4BFC1 /* hw12 */;
			targetProxy = 49631D36288AC3F100F4BFC1 /* PBXContainerItemProxy */;
		};
		49631D41288AC3F100F4BFC1 /* PBXTargetDependency */ = {
			isa = PBXTargetDependency;
			target = 49631D1E288AC3EC00F4BFC1 /* hw12 */;
			targetProxy = 49631D40288AC3F100F4BFC1 /* PBXContainerItemProxy */;
		};
/* End PBXTargetDependency section */

/* Begin PBXVariantGroup section */
		49631D28288AC3EC00F4BFC1 /* Main.storyboard */ = {
			isa = PBXVariantGroup;
			children = (
				49631D29288AC3EC00F4BFC1 /* Base */,
			);
			name = Main.storyboard;
			sourceTree = "<group>";
		};
		49631D2D288AC3F000F4BFC1 /* LaunchScreen.storyboard */ = {
			isa = PBXVariantGroup;
			children = (
				49631D2E288AC3F000F4BFC1 /* Base */,
			);
			name = LaunchScreen.storyboard;
			sourceTree = "<group>";
		};
/* End PBXVariantGroup section */

/* Begin XCBuildConfiguration section */
		49631D47288AC3F100F4BFC1 /* Debug */ = {
			isa = XCBuildConfiguration;
			buildSettings = {
				ALWAYS_SEARCH_USER_PATHS = NO;
				CLANG_ANALYZER_NONNULL = YES;
				CLANG_ANALYZER_NUMBER_OBJECT_CONVERSION = YES_AGGRESSIVE;
				CLANG_CXX_LANGUAGE_STANDARD = "gnu++17";
				CLANG_CXX_LIBRARY = "libc++";
				CLANG_ENABLE_MODULES = YES;
				CLANG_ENABLE_OBJC_ARC = YES;
				CLANG_ENABLE_OBJC_WEAK = YES;
				CLANG_WARN_BLOCK_CAPTURE_AUTORELEASING = YES;
				CLANG_WARN_BOOL_CONVERSION = YES;
				CLANG_WARN_COMMA = YES;
				CLANG_WARN_CONSTANT_CONVERSION = YES;
				CLANG_WARN_DEPRECATED_OBJC_IMPLEMENTATIONS = YES;
				CLANG_WARN_DIRECT_OBJC_ISA_USAGE = YES_ERROR;
				CLANG_WARN_DOCUMENTATION_COMMENTS = YES;
				CLANG_WARN_EMPTY_BODY = YES;
				CLANG_WARN_ENUM_CONVERSION = YES;
				CLANG_WARN_INFINITE_RECURSION = YES;
				CLANG_WARN_INT_CONVERSION = YES;
				CLANG_WARN_NON_LITERAL_NULL_CONVERSION = YES;
				CLANG_WARN_OBJC_IMPLICIT_RETAIN_SELF = YES;
				CLANG_WARN_OBJC_LITERAL_CONVERSION = YES;
				CLANG_WARN_OBJC_ROOT_CLASS = YES_ERROR;
				CLANG_WARN_QUOTED_INCLUDE_IN_FRAMEWORK_HEADER = YES;
				CLANG_WARN_RANGE_LOOP_ANALYSIS = YES;
				CLANG_WARN_STRICT_PROTOTYPES = YES;
				CLANG_WARN_SUSPICIOUS_MOVE = YES;
				CLANG_WARN_UNGUARDED_AVAILABILITY = YES_AGGRESSIVE;
				CLANG_WARN_UNREACHABLE_CODE = YES;
				CLANG_WARN__DUPLICATE_METHOD_MATCH = YES;
				COPY_PHASE_STRIP = NO;
				DEBUG_INFORMATION_FORMAT = dwarf;
				ENABLE_STRICT_OBJC_MSGSEND = YES;
				ENABLE_TESTABILITY = YES;
				GCC_C_LANGUAGE_STANDARD = gnu11;
				GCC_DYNAMIC_NO_PIC = NO;
				GCC_NO_COMMON_BLOCKS = YES;
				GCC_OPTIMIZATION_LEVEL = 0;
				GCC_PREPROCESSOR_DEFINITIONS = (
					"DEBUG=1",
					"$(inherited)",
				);
				GCC_WARN_64_TO_32_BIT_CONVERSION = YES;
				GCC_WARN_ABOUT_RETURN_TYPE = YES_ERROR;
				GCC_WARN_UNDECLARED_SELECTOR = YES;
				GCC_WARN_UNINITIALIZED_AUTOS = YES_AGGRESSIVE;
				GCC_WARN_UNUSED_FUNCTION = YES;
				GCC_WARN_UNUSED_VARIABLE = YES;
				IPHONEOS_DEPLOYMENT_TARGET = 15.2;
				MTL_ENABLE_DEBUG_INFO = INCLUDE_SOURCE;
				MTL_FAST_MATH = YES;
				ONLY_ACTIVE_ARCH = YES;
				SDKROOT = iphoneos;
				SWIFT_ACTIVE_COMPILATION_CONDITIONS = DEBUG;
				SWIFT_OPTIMIZATION_LEVEL = "-Onone";
			};
			name = Debug;
		};
		49631D48288AC3F100F4BFC1 /* Release */ = {
			isa = XCBuildConfiguration;
			buildSettings = {
				ALWAYS_SEARCH_USER_PATHS = NO;
				CLANG_ANALYZER_NONNULL = YES;
				CLANG_ANALYZER_NUMBER_OBJECT_CONVERSION = YES_AGGRESSIVE;
				CLANG_CXX_LANGUAGE_STANDARD = "gnu++17";
				CLANG_CXX_LIBRARY = "libc++";
				CLANG_ENABLE_MODULES = YES;
				CLANG_ENABLE_OBJC_ARC = YES;
				CLANG_ENABLE_OBJC_WEAK = YES;
				CLANG_WARN_BLOCK_CAPTURE_AUTORELEASING = YES;
				CLANG_WARN_BOOL_CONVERSION = YES;
				CLANG_WARN_COMMA = YES;
				CLANG_WARN_CONSTANT_CONVERSION = YES;
				CLANG_WARN_DEPRECATED_OBJC_IMPLEMENTATIONS = YES;
				CLANG_WARN_DIRECT_OBJC_ISA_USAGE = YES_ERROR;
				CLANG_WARN_DOCUMENTATION_COMMENTS = YES;
				CLANG_WARN_EMPTY_BODY = YES;
				CLANG_WARN_ENUM_CONVERSION = YES;
				CLANG_WARN_INFINITE_RECURSION = YES;
				CLANG_WARN_INT_CONVERSION = YES;
				CLANG_WARN_NON_LITERAL_NULL_CONVERSION = YES;
				CLANG_WARN_OBJC_IMPLICIT_RETAIN_SELF = YES;
				CLANG_WARN_OBJC_LITERAL_CONVERSION = YES;
				CLANG_WARN_OBJC_ROOT_CLASS = YES_ERROR;
				CLANG_WARN_QUOTED_INCLUDE_IN_FRAMEWORK_HEADER = YES;
				CLANG_WARN_RANGE_LOOP_ANALYSIS = YES;
				CLANG_WARN_STRICT_PROTOTYPES = YES;
				CLANG_WARN_SUSPICIOUS_MOVE = YES;
				CLANG_WARN_UNGUARDED_AVAILABILITY = YES_AGGRESSIVE;
				CLANG_WARN_UNREACHABLE_CODE = YES;
				CLANG_WARN__DUPLICATE_METHOD_MATCH = YES;
				COPY_PHASE_STRIP = NO;
				DEBUG_INFORMATION_FORMAT = "dwarf-with-dsym";
				ENABLE_NS_ASSERTIONS = NO;
				ENABLE_STRICT_OBJC_MSGSEND = YES;
				GCC_C_LANGUAGE_STANDARD = gnu11;
				GCC_NO_COMMON_BLOCKS = YES;
				GCC_WARN_64_TO_32_BIT_CONVERSION = YES;
				GCC_WARN_ABOUT_RETURN_TYPE = YES_ERROR;
				GCC_WARN_UNDECLARED_SELECTOR = YES;
				GCC_WARN_UNINITIALIZED_AUTOS = YES_AGGRESSIVE;
				GCC_WARN_UNUSED_FUNCTION = YES;
				GCC_WARN_UNUSED_VARIABLE = YES;
				IPHONEOS_DEPLOYMENT_TARGET = 15.2;
				MTL_ENABLE_DEBUG_INFO = NO;
				MTL_FAST_MATH = YES;
				SDKROOT = iphoneos;
				SWIFT_COMPILATION_MODE = wholemodule;
				SWIFT_OPTIMIZATION_LEVEL = "-O";
				VALIDATE_PRODUCT = YES;
			};
			name = Release;
		};
		49631D4A288AC3F100F4BFC1 /* Debug */ = {
			isa = XCBuildConfiguration;
			buildSettings = {
				ASSETCATALOG_COMPILER_APPICON_NAME = AppIcon;
				ASSETCATALOG_COMPILER_GLOBAL_ACCENT_COLOR_NAME = AccentColor;
				CODE_SIGN_STYLE = Automatic;
				CURRENT_PROJECT_VERSION = 1;
				DEVELOPMENT_TEAM = 7T5DR9M9QC;
				GENERATE_INFOPLIST_FILE = YES;
				INFOPLIST_FILE = hw12/Info.plist;
				INFOPLIST_KEY_UIApplicationSupportsIndirectInputEvents = YES;
				INFOPLIST_KEY_UILaunchStoryboardName = LaunchScreen;
				INFOPLIST_KEY_UIMainStoryboardFile = Main;
				INFOPLIST_KEY_UISupportedInterfaceOrientations_iPad = "UIInterfaceOrientationPortrait UIInterfaceOrientationPortraitUpsideDown UIInterfaceOrientationLandscapeLeft UIInterfaceOrientationLandscapeRight";
				INFOPLIST_KEY_UISupportedInterfaceOrientations_iPhone = "UIInterfaceOrientationPortrait UIInterfaceOrientationLandscapeLeft UIInterfaceOrientationLandscapeRight";
				LD_RUNPATH_SEARCH_PATHS = (
					"$(inherited)",
					"@executable_path/Frameworks",
				);
				MARKETING_VERSION = 1.0;
				PRODUCT_BUNDLE_IDENTIFIER = fd.hw12;
				PRODUCT_NAME = "$(TARGET_NAME)";
				SWIFT_EMIT_LOC_STRINGS = YES;
				SWIFT_VERSION = 5.0;
				TARGETED_DEVICE_FAMILY = "1,2";
			};
			name = Debug;
		};
		49631D4B288AC3F100F4BFC1 /* Release */ = {
			isa = XCBuildConfiguration;
			buildSettings = {
				ASSETCATALOG_COMPILER_APPICON_NAME = AppIcon;
				ASSETCATALOG_COMPILER_GLOBAL_ACCENT_COLOR_NAME = AccentColor;
				CODE_SIGN_STYLE = Automatic;
				CURRENT_PROJECT_VERSION = 1;
				DEVELOPMENT_TEAM = 7T5DR9M9QC;
				GENERATE_INFOPLIST_FILE = YES;
				INFOPLIST_FILE = hw12/Info.plist;
				INFOPLIST_KEY_UIApplicationSupportsIndirectInputEvents = YES;
				INFOPLIST_KEY_UILaunchStoryboardName = LaunchScreen;
				INFOPLIST_KEY_UIMainStoryboardFile = Main;
				INFOPLIST_KEY_UISupportedInterfaceOrientations_iPad = "UIInterfaceOrientationPortrait UIInterfaceOrientationPortraitUpsideDown UIInterfaceOrientationLandscapeLeft UIInterfaceOrientationLandscapeRight";
				INFOPLIST_KEY_UISupportedInterfaceOrientations_iPhone = "UIInterfaceOrientationPortrait UIInterfaceOrientationLandscapeLeft UIInterfaceOrientationLandscapeRight";
				LD_RUNPATH_SEARCH_PATHS = (
					"$(inherited)",
					"@executable_path/Frameworks",
				);
				MARKETING_VERSION = 1.0;
				PRODUCT_BUNDLE_IDENTIFIER = fd.hw12;
				PRODUCT_NAME = "$(TARGET_NAME)";
				SWIFT_EMIT_LOC_STRINGS = YES;
				SWIFT_VERSION = 5.0;
				TARGETED_DEVICE_FAMILY = "1,2";
			};
			name = Release;
		};
		49631D4D288AC3F100F4BFC1 /* Debug */ = {
			isa = XCBuildConfiguration;
			buildSettings = {
				ALWAYS_EMBED_SWIFT_STANDARD_LIBRARIES = YES;
				BUNDLE_LOADER = "$(TEST_HOST)";
				CODE_SIGN_STYLE = Automatic;
				CURRENT_PROJECT_VERSION = 1;
				DEVELOPMENT_TEAM = 7T5DR9M9QC;
				GENERATE_INFOPLIST_FILE = YES;
				IPHONEOS_DEPLOYMENT_TARGET = 15.2;
				MARKETING_VERSION = 1.0;
				PRODUCT_BUNDLE_IDENTIFIER = fd.hw12Tests;
				PRODUCT_NAME = "$(TARGET_NAME)";
				SWIFT_EMIT_LOC_STRINGS = NO;
				SWIFT_VERSION = 5.0;
				TARGETED_DEVICE_FAMILY = "1,2";
				TEST_HOST = "$(BUILT_PRODUCTS_DIR)/hw12.app/hw12";
			};
			name = Debug;
		};
		49631D4E288AC3F100F4BFC1 /* Release */ = {
			isa = XCBuildConfiguration;
			buildSettings = {
				ALWAYS_EMBED_SWIFT_STANDARD_LIBRARIES = YES;
				BUNDLE_LOADER = "$(TEST_HOST)";
				CODE_SIGN_STYLE = Automatic;
				CURRENT_PROJECT_VERSION = 1;
				DEVELOPMENT_TEAM = 7T5DR9M9QC;
				GENERATE_INFOPLIST_FILE = YES;
				IPHONEOS_DEPLOYMENT_TARGET = 15.2;
				MARKETING_VERSION = 1.0;
				PRODUCT_BUNDLE_IDENTIFIER = fd.hw12Tests;
				PRODUCT_NAME = "$(TARGET_NAME)";
				SWIFT_EMIT_LOC_STRINGS = NO;
				SWIFT_VERSION = 5.0;
				TARGETED_DEVICE_FAMILY = "1,2";
				TEST_HOST = "$(BUILT_PRODUCTS_DIR)/hw12.app/hw12";
			};
			name = Release;
		};
		49631D50288AC3F100F4BFC1 /* Debug */ = {
			isa = XCBuildConfiguration;
			buildSettings = {
				ALWAYS_EMBED_SWIFT_STANDARD_LIBRARIES = YES;
				CODE_SIGN_STYLE = Automatic;
				CURRENT_PROJECT_VERSION = 1;
				DEVELOPMENT_TEAM = 7T5DR9M9QC;
				GENERATE_INFOPLIST_FILE = YES;
				MARKETING_VERSION = 1.0;
				PRODUCT_BUNDLE_IDENTIFIER = fd.hw12UITests;
				PRODUCT_NAME = "$(TARGET_NAME)";
				SWIFT_EMIT_LOC_STRINGS = NO;
				SWIFT_VERSION = 5.0;
				TARGETED_DEVICE_FAMILY = "1,2";
				TEST_TARGET_NAME = hw12;
			};
			name = Debug;
		};
		49631D51288AC3F100F4BFC1 /* Release */ = {
			isa = XCBuildConfiguration;
			buildSettings = {
				ALWAYS_EMBED_SWIFT_STANDARD_LIBRARIES = YES;
				CODE_SIGN_STYLE = Automatic;
				CURRENT_PROJECT_VERSION = 1;
				DEVELOPMENT_TEAM = 7T5DR9M9QC;
				GENERATE_INFOPLIST_FILE = YES;
				MARKETING_VERSION = 1.0;
				PRODUCT_BUNDLE_IDENTIFIER = fd.hw12UITests;
				PRODUCT_NAME = "$(TARGET_NAME)";
				SWIFT_EMIT_LOC_STRINGS = NO;
				SWIFT_VERSION = 5.0;
				TARGETED_DEVICE_FAMILY = "1,2";
				TEST_TARGET_NAME = hw12;
			};
			name = Release;
		};
/* End XCBuildConfiguration section */

/* Begin XCConfigurationList section */
		49631D1A288AC3EC00F4BFC1 /* Build configuration list for PBXProject "hw12" */ = {
			isa = XCConfigurationList;
			buildConfigurations = (
				49631D47288AC3F100F4BFC1 /* Debug */,
				49631D48288AC3F100F4BFC1 /* Release */,
			);
			defaultConfigurationIsVisible = 0;
			defaultConfigurationName = Release;
		};
		49631D49288AC3F100F4BFC1 /* Build configuration list for PBXNativeTarget "hw12" */ = {
			isa = XCConfigurationList;
			buildConfigurations = (
				49631D4A288AC3F100F4BFC1 /* Debug */,
				49631D4B288AC3F100F4BFC1 /* Release */,
			);
			defaultConfigurationIsVisible = 0;
			defaultConfigurationName = Release;
		};
		49631D4C288AC3F100F4BFC1 /* Build configuration list for PBXNativeTarget "hw12Tests" */ = {
			isa = XCConfigurationList;
			buildConfigurations = (
				49631D4D288AC3F100F4BFC1 /* Debug */,
				49631D4E288AC3F100F4BFC1 /* Release */,
			);
			defaultConfigurationIsVisible = 0;
			defaultConfigurationName = Release;
		};
		49631D4F288AC3F100F4BFC1 /* Build configuration list for PBXNativeTarget "hw12UITests" */ = {
			isa = XCConfigurationList;
			buildConfigurations = (
				49631D50288AC3F100F4BFC1 /* Debug */,
				49631D51288AC3F100F4BFC1 /* Release */,
			);
			defaultConfigurationIsVisible = 0;
			defaultConfigurationName = Release;
		};
/* End XCConfigurationList section */
	};
	rootObject = 49631D17288AC3EC00F4BFC1 /* Project object */;
}
